
Microsoft Visual Studio Solution File, Format Version 12.00
# Visual Studio Version 17
VisualStudioVersion = 17.10.35004.147
MinimumVisualStudioVersion = 10.0.40219.1
Project("{FAE04EC0-301F-11D3-BF4B-00C04F79EFBC}") = "ReportFrontPage", "ReportFrontPage\ReportFrontPage.csproj", "{4A7A45A7-24BE-4CBC-8A41-AC3407926C4A}"
EndProject
Global
	GlobalSection(SolutionConfigurationPlatforms) = preSolution
		Debug|Any CPU = Debug|Any CPU
		Release|Any CPU = Release|Any CPU
	EndGlobalSection
	GlobalSection(ProjectConfigurationPlatforms) = postSolution
		{4A7A45A7-24BE-4CBC-8A41-AC3407926C4A}.Debug|Any CPU.ActiveCfg = Debug|Any CPU
		{4A7A45A7-24BE-4CBC-8A41-AC3407926C4A}.Debug|Any CPU.Build.0 = Debug|Any CPU
		{4A7A45A7-24BE-4CBC-8A41-AC3407926C4A}.Release|Any CPU.ActiveCfg = Release|Any CPU
		{4A7A45A7-24BE-4CBC-8A41-AC3407926C4A}.Release|Any CPU.Build.0 = Release|Any CPU
	EndGlobalSection
	GlobalSection(SolutionProperties) = preSolution
		HideSolutionNode = FALSE
	EndGlobalSection
	GlobalSection(ExtensibilityGlobals) = postSolution
		SolutionGuid = {BF0DDA54-B921-4E70-B5F8-0CD35111E23E}
	EndGlobalSection
EndGlobal
